
Microsoft Visual Studio Solution File, Format Version 12.00
# Visual Studio Version 17
VisualStudioVersion = 17.3.32929.385
MinimumVisualStudioVersion = 10.0.40219.1
Project("{9A19103F-16F7-4668-BE54-9A1E7A4F7556}") = "TechTalkDotnet7", "TechTalkDotnet7\TechTalkDotnet7.csproj", "{43557EB3-A190-43E3-8D06-BF2AFD14B355}"
EndProject
Project("{FAE04EC0-301F-11D3-BF4B-00C04F79EFBC}") = "UAM", "UAM\UAM.csproj", "{A126A2AD-63EB-420A-97B6-80D015BA3E97}"
EndProject
Project("{FAE04EC0-301F-11D3-BF4B-00C04F79EFBC}") = "Infrastructure", "Infrastructure\Infrastructure.csproj", "{9D7E7CD6-88DA-4DFD-80E8-A91CD58CCA8C}"
EndProject
Global
	GlobalSection(SolutionConfigurationPlatforms) = preSolution
		Debug|Any CPU = Debug|Any CPU
		Release|Any CPU = Release|Any CPU
	EndGlobalSection
	GlobalSection(ProjectConfigurationPlatforms) = postSolution
		{43557EB3-A190-43E3-8D06-BF2AFD14B355}.Debug|Any CPU.ActiveCfg = Debug|Any CPU
		{43557EB3-A190-43E3-8D06-BF2AFD14B355}.Debug|Any CPU.Build.0 = Debug|Any CPU
		{43557EB3-A190-43E3-8D06-BF2AFD14B355}.Release|Any CPU.ActiveCfg = Release|Any CPU
		{43557EB3-A190-43E3-8D06-BF2AFD14B355}.Release|Any CPU.Build.0 = Release|Any CPU
		{A126A2AD-63EB-420A-97B6-80D015BA3E97}.Debug|Any CPU.ActiveCfg = Debug|Any CPU
		{A126A2AD-63EB-420A-97B6-80D015BA3E97}.Debug|Any CPU.Build.0 = Debug|Any CPU
		{A126A2AD-63EB-420A-97B6-80D015BA3E97}.Release|Any CPU.ActiveCfg = Release|Any CPU
		{A126A2AD-63EB-420A-97B6-80D015BA3E97}.Release|Any CPU.Build.0 = Release|Any CPU
		{9D7E7CD6-88DA-4DFD-80E8-A91CD58CCA8C}.Debug|Any CPU.ActiveCfg = Debug|Any CPU
		{9D7E7CD6-88DA-4DFD-80E8-A91CD58CCA8C}.Debug|Any CPU.Build.0 = Debug|Any CPU
		{9D7E7CD6-88DA-4DFD-80E8-A91CD58CCA8C}.Release|Any CPU.ActiveCfg = Release|Any CPU
		{9D7E7CD6-88DA-4DFD-80E8-A91CD58CCA8C}.Release|Any CPU.Build.0 = Release|Any CPU
	EndGlobalSection
	GlobalSection(SolutionProperties) = preSolution
		HideSolutionNode = FALSE
	EndGlobalSection
	GlobalSection(ExtensibilityGlobals) = postSolution
		SolutionGuid = {670087EA-37A0-4FA7-822F-9FF8B5AABF58}
	EndGlobalSection
EndGlobal
